// !$*UTF8*$!
{
	archiveVersion = 1;
	classes = {
	};
	objectVersion = 46;
	objects = {

/* Begin PBXBuildFile section */
		6D1AAE3D1B3CBF18006880BA /* AppDelegate.swift in Sources */ = {isa = PBXBuildFile; fileRef = 6D1AAE3C1B3CBF18006880BA /* AppDelegate.swift */; };
		6D1AAE3F1B3CBF18006880BA /* ViewController.swift in Sources */ = {isa = PBXBuildFile; fileRef = 6D1AAE3E1B3CBF18006880BA /* ViewController.swift */; };
		6D1AAE421B3CBF18006880BA /* Main.storyboard in Resources */ = {isa = PBXBuildFile; fileRef = 6D1AAE401B3CBF18006880BA /* Main.storyboard */; };
		6D1AAE441B3CBF18006880BA /* Images.xcassets in Resources */ = {isa = PBXBuildFile; fileRef = 6D1AAE431B3CBF18006880BA /* Images.xcassets */; };
		6D1AAE471B3CBF18006880BA /* LaunchScreen.xib in Resources */ = {isa = PBXBuildFile; fileRef = 6D1AAE451B3CBF18006880BA /* LaunchScreen.xib */; };
		6D1AAE531B3CBF18006880BA /* ClickCounterTests.swift in Sources */ = {isa = PBXBuildFile; fileRef = 6D1AAE521B3CBF18006880BA /* ClickCounterTests.swift */; };
/* End PBXBuildFile section */

/* Begin PBXContainerItemProxy section */
		6D1AAE4D1B3CBF18006880BA /* PBXContainerItemProxy */ = {
			isa = PBXContainerItemProxy;
			containerPortal = 6D1AAE2F1B3CBF18006880BA /* Project object */;
			proxyType = 1;
			remoteGlobalIDString = 6D1AAE361B3CBF18006880BA;
			remoteInfo = ClickCounter;
		};
/* End PBXContainerItemProxy section */

/* Begin PBXFileReference section */
		6D1AAE371B3CBF18006880BA /* ClickCounter.app */ = {isa = PBXFileReference; explicitFileType = wrapper.application; includeInIndex = 0; path = ClickCounter.app; sourceTree = BUILT_PRODUCTS_DIR; };
		6D1AAE3B1B3CBF18006880BA /* Info.plist */ = {isa = PBXFileReference; lastKnownFileType = text.plist.xml; path = Info.plist; sourceTree = "<group>"; };
		6D1AAE3C1B3CBF18006880BA /* AppDelegate.swift */ = {isa = PBXFileReference; lastKnownFileType = sourcecode.swift; path = AppDelegate.swift; sourceTree = "<group>"; };
		6D1AAE3E1B3CBF18006880BA /* ViewController.swift */ = {isa = PBXFileReference; lastKnownFileType = sourcecode.swift; path = ViewController.swift; sourceTree = "<group>"; };
		6D1AAE411B3CBF18006880BA /* Base */ = {isa = PBXFileReference; lastKnownFileType = file.storyboard; name = Base; path = Base.lproj/Main.storyboard; sourceTree = "<group>"; };
		6D1AAE431B3CBF18006880BA /* Images.xcassets */ = {isa = PBXFileReference; lastKnownFileType = folder.assetcatalog; path = Images.xcassets; sourceTree = "<group>"; };
		6D1AAE461B3CBF18006880BA /* Base */ = {isa = PBXFileReference; lastKnownFileType = file.xib; name = Base; path = Base.lproj/LaunchScreen.xib; sourceTree = "<group>"; };
		6D1AAE4C1B3CBF18006880BA /* ClickCounterTests.xctest */ = {isa = PBXFileReference; explicitFileType = wrapper.cfbundle; includeInIndex = 0; path = ClickCounterTests.xctest; sourceTree = BUILT_PRODUCTS_DIR; };
		6D1AAE511B3CBF18006880BA /* Info.plist */ = {isa = PBXFileReference; lastKnownFileType = text.plist.xml; path = Info.plist; sourceTree = "<group>"; };
		6D1AAE521B3CBF18006880BA /* ClickCounterTests.swift */ = {isa = PBXFileReference; lastKnownFileType = sourcecode.swift; path = ClickCounterTests.swift; sourceTree = "<group>"; };
/* End PBXFileReference section */

/* Begin PBXFrameworksBuildPhase section */
		6D1AAE341B3CBF18006880BA /* Frameworks */ = {
			isa = PBXFrameworksBuildPhase;
			buildActionMask = 2147483647;
			files = (
			);
			runOnlyForDeploymentPostprocessing = 0;
		};
		6D1AAE491B3CBF18006880BA /* Frameworks */ = {
			isa = PBXFrameworksBuildPhase;
			buildActionMask = 2147483647;
			files = (
			);
			runOnlyForDeploymentPostprocessing = 0;
		};
/* End PBXFrameworksBuildPhase section */

/* Begin PBXGroup section */
		6D1AAE2E1B3CBF18006880BA = {
			isa = PBXGroup;
			children = (
				6D1AAE391B3CBF18006880BA /* ClickCounter */,
				6D1AAE4F1B3CBF18006880BA /* ClickCounterTests */,
				6D1AAE381B3CBF18006880BA /* Products */,
			);
			sourceTree = "<group>";
		};
		6D1AAE381B3CBF18006880BA /* Products */ = {
			isa = PBXGroup;
			children = (
				6D1AAE371B3CBF18006880BA /* ClickCounter.app */,
				6D1AAE4C1B3CBF18006880BA /* ClickCounterTests.xctest */,
			);
			name = Products;
			sourceTree = "<group>";
		};
		6D1AAE391B3CBF18006880BA /* ClickCounter */ = {
			isa = PBXGroup;
			children = (
				6D1AAE3C1B3CBF18006880BA /* AppDelegate.swift */,
				6D1AAE3E1B3CBF18006880BA /* ViewController.swift */,
				6D1AAE401B3CBF18006880BA /* Main.storyboard */,
				6D1AAE431B3CBF18006880BA /* Images.xcassets */,
				6D1AAE451B3CBF18006880BA /* LaunchScreen.xib */,
				6D1AAE3A1B3CBF18006880BA /* Supporting Files */,
			);
			path = ClickCounter;
			sourceTree = "<group>";
		};
		6D1AAE3A1B3CBF18006880BA /* Supporting Files */ = {
			isa = PBXGroup;
			children = (
				6D1AAE3B1B3CBF18006880BA /* Info.plist */,
			);
			name = "Supporting Files";
			sourceTree = "<group>";
		};
		6D1AAE4F1B3CBF18006880BA /* ClickCounterTests */ = {
			isa = PBXGroup;
			children = (
				6D1AAE521B3CBF18006880BA /* ClickCounterTests.swift */,
				6D1AAE501B3CBF18006880BA /* Supporting Files */,
			);
			path = ClickCounterTests;
			sourceTree = "<group>";
		};
		6D1AAE501B3CBF18006880BA /* Supporting Files */ = {
			isa = PBXGroup;
			children = (
				6D1AAE511B3CBF18006880BA /* Info.plist */,
			);
			name = "Supporting Files";
			sourceTree = "<group>";
		};
/* End PBXGroup section */

/* Begin PBXNativeTarget section */
		6D1AAE361B3CBF18006880BA /* ClickCounter */ = {
			isa = PBXNativeTarget;
			buildConfigurationList = 6D1AAE561B3CBF18006880BA /* Build configuration list for PBXNativeTarget "ClickCounter" */;
			buildPhases = (
				6D1AAE331B3CBF18006880BA /* Sources */,
				6D1AAE341B3CBF18006880BA /* Frameworks */,
				6D1AAE351B3CBF18006880BA /* Resources */,
			);
			buildRules = (
			);
			dependencies = (
			);
			name = ClickCounter;
			productName = ClickCounter;
			productReference = 6D1AAE371B3CBF18006880BA /* ClickCounter.app */;
			productType = "com.apple.product-type.application";
		};
		6D1AAE4B1B3CBF18006880BA /* ClickCounterTests */ = {
			isa = PBXNativeTarget;
			buildConfigurationList = 6D1AAE591B3CBF18006880BA /* Build configuration list for PBXNativeTarget "ClickCounterTests" */;
			buildPhases = (
				6D1AAE481B3CBF18006880BA /* Sources */,
				6D1AAE491B3CBF18006880BA /* Frameworks */,
				6D1AAE4A1B3CBF18006880BA /* Resources */,
			);
			buildRules = (
			);
			dependencies = (
				6D1AAE4E1B3CBF18006880BA /* PBXTargetDependency */,
			);
			name = ClickCounterTests;
			productName = ClickCounterTests;
			productReference = 6D1AAE4C1B3CBF18006880BA /* ClickCounterTests.xctest */;
			productType = "com.apple.product-type.bundle.unit-test";
		};
/* End PBXNativeTarget section */

/* Begin PBXProject section */
		6D1AAE2F1B3CBF18006880BA /* Project object */ = {
			isa = PBXProject;
			attributes = {
				LastUpgradeCheck = 0630;
				ORGANIZATIONNAME = AppDeco;
				TargetAttributes = {
					6D1AAE361B3CBF18006880BA = {
						CreatedOnToolsVersion = 6.3.2;
					};
					6D1AAE4B1B3CBF18006880BA = {
						CreatedOnToolsVersion = 6.3.2;
						TestTargetID = 6D1AAE361B3CBF18006880BA;
					};
				};
			};
			buildConfigurationList = 6D1AAE321B3CBF18006880BA /* Build configuration list for PBXProject "ClickCounter" */;
			compatibilityVersion = "Xcode 3.2";
			developmentRegion = English;
			hasScannedForEncodings = 0;
			knownRegions = (
				en,
				Base,
			);
			mainGroup = 6D1AAE2E1B3CBF18006880BA;
			productRefGroup = 6D1AAE381B3CBF18006880BA /* Products */;
			projectDirPath = "";
			projectRoot = "";
			targets = (
				6D1AAE361B3CBF18006880BA /* ClickCounter */,
				6D1AAE4B1B3CBF18006880BA /* ClickCounterTests */,
			);
		};
/* End PBXProject section */

/* Begin PBXResourcesBuildPhase section */
		6D1AAE351B3CBF18006880BA /* Resources */ = {
			isa = PBXResourcesBuildPhase;
			buildActionMask = 2147483647;
			files = (
				6D1AAE421B3CBF18006880BA /* Main.storyboard in Resources */,
				6D1AAE471B3CBF18006880BA /* LaunchScreen.xib in Resources */,
				6D1AAE441B3CBF18006880BA /* Images.xcassets in Resources */,
			);
			runOnlyForDeploymentPostprocessing = 0;
		};
		6D1AAE4A1B3CBF18006880BA /* Resources */ = {
			isa = PBXResourcesBuildPhase;
			buildActionMask = 2147483647;
			files = (
			);
			runOnlyForDeploymentPostprocessing = 0;
		};
/* End PBXResourcesBuildPhase section */

/* Begin PBXSourcesBuildPhase section */
		6D1AAE331B3CBF18006880BA /* Sources */ = {
			isa = PBXSourcesBuildPhase;
			buildActionMask = 2147483647;
			files = (
				6D1AAE3F1B3CBF18006880BA /* ViewController.swift in Sources */,
				6D1AAE3D1B3CBF18006880BA /* AppDelegate.swift in Sources */,
			);
			runOnlyForDeploymentPostprocessing = 0;
		};
		6D1AAE481B3CBF18006880BA /* Sources */ = {
			isa = PBXSourcesBuildPhase;
			buildActionMask = 2147483647;
			files = (
				6D1AAE531B3CBF18006880BA /* ClickCounterTests.swift in Sources */,
			);
			runOnlyForDeploymentPostprocessing = 0;
		};
/* End PBXSourcesBuildPhase section */

/* Begin PBXTargetDependency section */
		6D1AAE4E1B3CBF18006880BA /* PBXTargetDependency */ = {
			isa = PBXTargetDependency;
			target = 6D1AAE361B3CBF18006880BA /* ClickCounter */;
			targetProxy = 6D1AAE4D1B3CBF18006880BA /* PBXContainerItemProxy */;
		};
/* End PBXTargetDependency section */

/* Begin PBXVariantGroup section */
		6D1AAE401B3CBF18006880BA /* Main.storyboard */ = {
			isa = PBXVariantGroup;
			children = (
				6D1AAE411B3CBF18006880BA /* Base */,
			);
			name = Main.storyboard;
			sourceTree = "<group>";
		};
		6D1AAE451B3CBF18006880BA /* LaunchScreen.xib */ = {
			isa = PBXVariantGroup;
			children = (
				6D1AAE461B3CBF18006880BA /* Base */,
			);
			name = LaunchScreen.xib;
			sourceTree = "<group>";
		};
/* End PBXVariantGroup section */

/* Begin XCBuildConfiguration section */
		6D1AAE541B3CBF18006880BA /* Debug */ = {
			isa = XCBuildConfiguration;
			buildSettings = {
				ALWAYS_SEARCH_USER_PATHS = NO;
				CLANG_CXX_LANGUAGE_STANDARD = "gnu++0x";
				CLANG_CXX_LIBRARY = "libc++";
				CLANG_ENABLE_MODULES = YES;
				CLANG_ENABLE_OBJC_ARC = YES;
				CLANG_WARN_BOOL_CONVERSION = YES;
				CLANG_WARN_CONSTANT_CONVERSION = YES;
				CLANG_WARN_DIRECT_OBJC_ISA_USAGE = YES_ERROR;
				CLANG_WARN_EMPTY_BODY = YES;
				CLANG_WARN_ENUM_CONVERSION = YES;
				CLANG_WARN_INT_CONVERSION = YES;
				CLANG_WARN_OBJC_ROOT_CLASS = YES_ERROR;
				CLANG_WARN_UNREACHABLE_CODE = YES;
				CLANG_WARN__DUPLICATE_METHOD_MATCH = YES;
				"CODE_SIGN_IDENTITY[sdk=iphoneos*]" = "iPhone Developer";
				COPY_PHASE_STRIP = NO;
				DEBUG_INFORMATION_FORMAT = "dwarf-with-dsym";
				ENABLE_STRICT_OBJC_MSGSEND = YES;
				GCC_C_LANGUAGE_STANDARD = gnu99;
				GCC_DYNAMIC_NO_PIC = NO;
				GCC_NO_COMMON_BLOCKS = YES;
				GCC_OPTIMIZATION_LEVEL = 0;
				GCC_PREPROCESSOR_DEFINITIONS = (
					"DEBUG=1",
					"$(inherited)",
				);
				GCC_SYMBOLS_PRIVATE_EXTERN = NO;
				GCC_WARN_64_TO_32_BIT_CONVERSION = YES;
				GCC_WARN_ABOUT_RETURN_TYPE = YES_ERROR;
				GCC_WARN_UNDECLARED_SELECTOR = YES;
				GCC_WARN_UNINITIALIZED_AUTOS = YES_AGGRESSIVE;
				GCC_WARN_UNUSED_FUNCTION = YES;
				GCC_WARN_UNUSED_VARIABLE = YES;
				IPHONEOS_DEPLOYMENT_TARGET = 8.3;
				MTL_ENABLE_DEBUG_INFO = YES;
				ONLY_ACTIVE_ARCH = YES;
				SDKROOT = iphoneos;
				SWIFT_OPTIMIZATION_LEVEL = "-Onone";
			};
			name = Debug;
		};
		6D1AAE551B3CBF18006880BA /* Release */ = {
			isa = XCBuildConfiguration;
			buildSettings = {
				ALWAYS_SEARCH_USER_PATHS = NO;
				CLANG_CXX_LANGUAGE_STANDARD = "gnu++0x";
				CLANG_CXX_LIBRARY = "libc++";
				CLANG_ENABLE_MODULES = YES;
				CLANG_ENABLE_OBJC_ARC = YES;
				CLANG_WARN_BOOL_CONVERSION = YES;
				CLANG_WARN_CONSTANT_CONVERSION = YES;
				CLANG_WARN_DIRECT_OBJC_ISA_USAGE = YES_ERROR;
				CLANG_WARN_EMPTY_BODY = YES;
				CLANG_WARN_ENUM_CONVERSION = YES;
				CLANG_WARN_INT_CONVERSION = YES;
				CLANG_WARN_OBJC_ROOT_CLASS = YES_ERROR;
				CLANG_WARN_UNREACHABLE_CODE = YES;
				CLANG_WARN__DUPLICATE_METHOD_MATCH = YES;
				"CODE_SIGN_IDENTITY[sdk=iphoneos*]" = "iPhone Developer";
				COPY_PHASE_STRIP = NO;
				DEBUG_INFORMATION_FORMAT = "dwarf-with-dsym";
				ENABLE_NS_ASSERTIONS = NO;
				ENABLE_STRICT_OBJC_MSGSEND = YES;
				GCC_C_LANGUAGE_STANDARD = gnu99;
				GCC_NO_COMMON_BLOCKS = YES;
				GCC_WARN_64_TO_32_BIT_CONVERSION = YES;
				GCC_WARN_ABOUT_RETURN_TYPE = YES_ERROR;
				GCC_WARN_UNDECLARED_SELECTOR = YES;
				GCC_WARN_UNINITIALIZED_AUTOS = YES_AGGRESSIVE;
				GCC_WARN_UNUSED_FUNCTION = YES;
				GCC_WARN_UNUSED_VARIABLE = YES;
				IPHONEOS_DEPLOYMENT_TARGET = 8.3;
				MTL_ENABLE_DEBUG_INFO = NO;
				SDKROOT = iphoneos;
				VALIDATE_PRODUCT = YES;
			};
			name = Release;
		};
		6D1AAE571B3CBF18006880BA /* Debug */ = {
			isa = XCBuildConfiguration;
			buildSettings = {
				ASSETCATALOG_COMPILER_APPICON_NAME = AppIcon;
				INFOPLIST_FILE = ClickCounter/Info.plist;
				LD_RUNPATH_SEARCH_PATHS = "$(inherited) @executable_path/Frameworks";
				PRODUCT_NAME = "$(TARGET_NAME)";
			};
			name = Debug;
		};
		6D1AAE581B3CBF18006880BA /* Release */ = {
			isa = XCBuildConfiguration;
			buildSettings = {
				ASSETCATALOG_COMPILER_APPICON_NAME = AppIcon;
				INFOPLIST_FILE = ClickCounter/Info.plist;
				LD_RUNPATH_SEARCH_PATHS = "$(inherited) @executable_path/Frameworks";
				PRODUCT_NAME = "$(TARGET_NAME)";
			};
			name = Release;
		};
		6D1AAE5A1B3CBF18006880BA /* Debug */ = {
			isa = XCBuildConfiguration;
			buildSettings = {
				BUNDLE_LOADER = "$(TEST_HOST)";
				FRAMEWORK_SEARCH_PATHS = (
					"$(SDKROOT)/Developer/Library/Frameworks",
					"$(inherited)",
				);
				GCC_PREPROCESSOR_DEFINITIONS = (
					"DEBUG=1",
					"$(inherited)",
				);
				INFOPLIST_FILE = ClickCounterTests/Info.plist;
				LD_RUNPATH_SEARCH_PATHS = "$(inherited) @executable_path/Frameworks @loader_path/Frameworks";
				PRODUCT_NAME = "$(TARGET_NAME)";
				TEST_HOST = "$(BUILT_PRODUCTS_DIR)/ClickCounter.app/ClickCounter";
			};
			name = Debug;
		};
		6D1AAE5B1B3CBF18006880BA /* Release */ = {
			isa = XCBuildConfiguration;
			buildSettings = {
				BUNDLE_LOADER = "$(TEST_HOST)";
				FRAMEWORK_SEARCH_PATHS = (
					"$(SDKROOT)/Developer/Library/Frameworks",
					"$(inherited)",
				);
				INFOPLIST_FILE = ClickCounterTests/Info.plist;
				LD_RUNPATH_SEARCH_PATHS = "$(inherited) @executable_path/Frameworks @loader_path/Frameworks";
				PRODUCT_NAME = "$(TARGET_NAME)";
				TEST_HOST = "$(BUILT_PRODUCTS_DIR)/ClickCounter.app/ClickCounter";
			};
			name = Release;
		};
/* End XCBuildConfiguration section */

/* Begin XCConfigurationList section */
		6D1AAE321B3CBF18006880BA /* Build configuration list for PBXProject "ClickCounter" */ = {
			isa = XCConfigurationList;
			buildConfigurations = (
				6D1AAE541B3CBF18006880BA /* Debug */,
				6D1AAE551B3CBF18006880BA /* Release */,
			);
			defaultConfigurationIsVisible = 0;
			defaultConfigurationName = Release;
		};
		6D1AAE561B3CBF18006880BA /* Build configuration list for PBXNativeTarget "ClickCounter" */ = {
			isa = XCConfigurationList;
			buildConfigurations = (
				6D1AAE571B3CBF18006880BA /* Debug */,
				6D1AAE581B3CBF18006880BA /* Release */,
			);
			defaultConfigurationIsVisible = 0;
		};
		6D1AAE591B3CBF18006880BA /* Build configuration list for PBXNativeTarget "ClickCounterTests" */ = {
			isa = XCConfigurationList;
			buildConfigurations = (
				6D1AAE5A1B3CBF18006880BA /* Debug */,
				6D1AAE5B1B3CBF18006880BA /* Release */,
			);
			defaultConfigurationIsVisible = 0;
		};
/* End XCConfigurationList section */
	};
	rootObject = 6D1AAE2F1B3CBF18006880BA /* Project object */;
}
